github.com/starlight-go/starlight v0.0.0-20181207205707-b06f321544f3 h1:/fBh1Ot84ILt/ociFHO98wJ9LxIMA3UG8B0unUJPFpY=
github.com/starlight-go/starlight v0.0.0-20181207205707-b06f321544f3/go.mod h1:pxOc2ZuBV+CNlQgzq/HJ9Z9G/eoEMHFeuGohOvva4Co=
go.starlark.net v0.0.0-20181203220515-5c7d5aa7ed56 h1:/5TdeU7c/0vG509Rh4i48fN8To1RzQFjkDmRsOoX864=
go.starlark.net v0.0.0-20181203220515-5c7d5aa7ed56/go.mod h1:c1/X6cHgvdXj6pUlmWKMkuqRnW4K8x2vwt6JAaaircg=
