# This file is autogenerated, do not edit; changes may be undone by the next 'dep ensure'.


[[projects]]
  branch = "master"
  name = "github.com/google/starlark"
  packages = [".","resolve","syntax"]
  revision = "13998aa7464402849172959d67ded8527c7d9370"

[solve-meta]
  analyzer-name = "dep"
  analyzer-version = 1
  inputs-digest = "97fd348f290d22484b7e136fb522f5aee937f7ae60937205c5e09e6a55fe9cd3"
  solver-name = "gps-cdcl"
  solver-version = 1
